
Microsoft Visual Studio Solution File, Format Version 12.00
# Visual Studio Version 17
VisualStudioVersion = 17.2.32505.173
MinimumVisualStudioVersion = 10.0.40219.1
Project("{9A19103F-16F7-4668-BE54-9A1E7A4F7556}") = "loc-application", "src\loc-application\loc-application.csproj", "{0CAB61ED-D651-4567-B4C9-1317B8CEBE83}"
EndProject
Project("{9A19103F-16F7-4668-BE54-9A1E7A4F7556}") = "loc-data", "src\loc-data\loc-data.csproj", "{7324CFEE-E932-4B55-BA33-393E0B8BFECA}"
EndProject
Project("{FAE04EC0-301F-11D3-BF4B-00C04F79EFBC}") = "loc-services", "src\loc-services\loc-services.csproj", "{F61DEB4D-4BD4-4DF2-A7CB-4167DCD78CAC}"
EndProject
Global
	GlobalSection(SolutionConfigurationPlatforms) = preSolution
		Debug|Any CPU = Debug|Any CPU
		Release|Any CPU = Release|Any CPU
	EndGlobalSection
	GlobalSection(ProjectConfigurationPlatforms) = postSolution
		{0CAB61ED-D651-4567-B4C9-1317B8CEBE83}.Debug|Any CPU.ActiveCfg = Debug|Any CPU
		{0CAB61ED-D651-4567-B4C9-1317B8CEBE83}.Debug|Any CPU.Build.0 = Debug|Any CPU
		{0CAB61ED-D651-4567-B4C9-1317B8CEBE83}.Release|Any CPU.ActiveCfg = Release|Any CPU
		{0CAB61ED-D651-4567-B4C9-1317B8CEBE83}.Release|Any CPU.Build.0 = Release|Any CPU
		{7324CFEE-E932-4B55-BA33-393E0B8BFECA}.Debug|Any CPU.ActiveCfg = Debug|Any CPU
		{7324CFEE-E932-4B55-BA33-393E0B8BFECA}.Debug|Any CPU.Build.0 = Debug|Any CPU
		{7324CFEE-E932-4B55-BA33-393E0B8BFECA}.Release|Any CPU.ActiveCfg = Release|Any CPU
		{7324CFEE-E932-4B55-BA33-393E0B8BFECA}.Release|Any CPU.Build.0 = Release|Any CPU
		{F61DEB4D-4BD4-4DF2-A7CB-4167DCD78CAC}.Debug|Any CPU.ActiveCfg = Debug|Any CPU
		{F61DEB4D-4BD4-4DF2-A7CB-4167DCD78CAC}.Debug|Any CPU.Build.0 = Debug|Any CPU
		{F61DEB4D-4BD4-4DF2-A7CB-4167DCD78CAC}.Release|Any CPU.ActiveCfg = Release|Any CPU
		{F61DEB4D-4BD4-4DF2-A7CB-4167DCD78CAC}.Release|Any CPU.Build.0 = Release|Any CPU
	EndGlobalSection
	GlobalSection(SolutionProperties) = preSolution
		HideSolutionNode = FALSE
	EndGlobalSection
	GlobalSection(ExtensibilityGlobals) = postSolution
		SolutionGuid = {C9314AB2-C76B-43C7-9AE4-D4C0D732C7DB}
	EndGlobalSection
EndGlobal
